
Microsoft Visual Studio Solution File, Format Version 12.00
# Visual Studio Version 17
VisualStudioVersion = 17.10.34916.146
MinimumVisualStudioVersion = 10.0.40219.1
Project("{FAE04EC0-301F-11D3-BF4B-00C04F79EFBC}") = "Emp_Details", "Emp_Details\Emp_Details.csproj", "{D8EC51C8-3085-4FE5-A7E6-D63B909BC908}"
EndProject
Global
	GlobalSection(SolutionConfigurationPlatforms) = preSolution
		Debug|Any CPU = Debug|Any CPU
		Release|Any CPU = Release|Any CPU
	EndGlobalSection
	GlobalSection(ProjectConfigurationPlatforms) = postSolution
		{D8EC51C8-3085-4FE5-A7E6-D63B909BC908}.Debug|Any CPU.ActiveCfg = Debug|Any CPU
		{D8EC51C8-3085-4FE5-A7E6-D63B909BC908}.Debug|Any CPU.Build.0 = Debug|Any CPU
		{D8EC51C8-3085-4FE5-A7E6-D63B909BC908}.Release|Any CPU.ActiveCfg = Release|Any CPU
		{D8EC51C8-3085-4FE5-A7E6-D63B909BC908}.Release|Any CPU.Build.0 = Release|Any CPU
	EndGlobalSection
	GlobalSection(SolutionProperties) = preSolution
		HideSolutionNode = FALSE
	EndGlobalSection
	GlobalSection(ExtensibilityGlobals) = postSolution
		SolutionGuid = {26FED0D2-EE44-46A5-B346-E5D8973EB1F8}
	EndGlobalSection
EndGlobal
